
Microsoft Visual Studio Solution File, Format Version 12.00
# Visual Studio Version 16
VisualStudioVersion = 16.0.29411.108
MinimumVisualStudioVersion = 10.0.40219.1
Project("{FAE04EC0-301F-11D3-BF4B-00C04F79EFBC}") = "01 - OOP", "OOP\01 - OOP.csproj", "{E1E9302A-D234-44D9-AE36-1D2AB3DDC8F1}"
EndProject
Global
	GlobalSection(SolutionConfigurationPlatforms) = preSolution
		Debug|Any CPU = Debug|Any CPU
		Release|Any CPU = Release|Any CPU
	EndGlobalSection
	GlobalSection(ProjectConfigurationPlatforms) = postSolution
		{E1E9302A-D234-44D9-AE36-1D2AB3DDC8F1}.Debug|Any CPU.ActiveCfg = Debug|Any CPU
		{E1E9302A-D234-44D9-AE36-1D2AB3DDC8F1}.Debug|Any CPU.Build.0 = Debug|Any CPU
		{E1E9302A-D234-44D9-AE36-1D2AB3DDC8F1}.Release|Any CPU.ActiveCfg = Release|Any CPU
		{E1E9302A-D234-44D9-AE36-1D2AB3DDC8F1}.Release|Any CPU.Build.0 = Release|Any CPU
	EndGlobalSection
	GlobalSection(SolutionProperties) = preSolution
		HideSolutionNode = FALSE
	EndGlobalSection
	GlobalSection(ExtensibilityGlobals) = postSolution
		SolutionGuid = {F5AD30AC-2524-479D-8B76-A0B457A16B3C}
	EndGlobalSection
EndGlobal
